
Microsoft Visual Studio Solution File, Format Version 12.00
# Visual Studio Version 17
VisualStudioVersion = 17.0.31903.59
MinimumVisualStudioVersion = 10.0.40219.1
Project("{2150E333-8FDC-42A3-9474-1A3956D46DE8}") = "src", "src", "{AAC06DA0-EF0A-4D32-802A-9B65487995BA}"
EndProject
Project("{9A19103F-16F7-4668-BE54-9A1E7A4F7556}") = "AuctionService", "src\AuctionService\AuctionService.csproj", "{BBBD4724-A4B2-4EB1-A992-D3CA280C527A}"
EndProject
Project("{9A19103F-16F7-4668-BE54-9A1E7A4F7556}") = "SearchService", "src\SearchService\SearchService.csproj", "{03EF222A-3D64-45EF-9200-A1AD209B6639}"
EndProject
Project("{9A19103F-16F7-4668-BE54-9A1E7A4F7556}") = "Contracts", "src\Contracts\Contracts.csproj", "{106E5235-6AFE-4250-BA47-D1401BB21126}"
EndProject
Project("{9A19103F-16F7-4668-BE54-9A1E7A4F7556}") = "IdentityService", "src\IdentityService\IdentityService.csproj", "{AE73A692-B117-482E-B4C5-0FEFB5F5EEC5}"
EndProject
Global
	GlobalSection(SolutionConfigurationPlatforms) = preSolution
		Debug|Any CPU = Debug|Any CPU
		Release|Any CPU = Release|Any CPU
	EndGlobalSection
	GlobalSection(ProjectConfigurationPlatforms) = postSolution
		{BBBD4724-A4B2-4EB1-A992-D3CA280C527A}.Debug|Any CPU.ActiveCfg = Debug|Any CPU
		{BBBD4724-A4B2-4EB1-A992-D3CA280C527A}.Debug|Any CPU.Build.0 = Debug|Any CPU
		{BBBD4724-A4B2-4EB1-A992-D3CA280C527A}.Release|Any CPU.ActiveCfg = Release|Any CPU
		{BBBD4724-A4B2-4EB1-A992-D3CA280C527A}.Release|Any CPU.Build.0 = Release|Any CPU
		{03EF222A-3D64-45EF-9200-A1AD209B6639}.Debug|Any CPU.ActiveCfg = Debug|Any CPU
		{03EF222A-3D64-45EF-9200-A1AD209B6639}.Debug|Any CPU.Build.0 = Debug|Any CPU
		{03EF222A-3D64-45EF-9200-A1AD209B6639}.Release|Any CPU.ActiveCfg = Release|Any CPU
		{03EF222A-3D64-45EF-9200-A1AD209B6639}.Release|Any CPU.Build.0 = Release|Any CPU
		{106E5235-6AFE-4250-BA47-D1401BB21126}.Debug|Any CPU.ActiveCfg = Debug|Any CPU
		{106E5235-6AFE-4250-BA47-D1401BB21126}.Debug|Any CPU.Build.0 = Debug|Any CPU
		{106E5235-6AFE-4250-BA47-D1401BB21126}.Release|Any CPU.ActiveCfg = Release|Any CPU
		{106E5235-6AFE-4250-BA47-D1401BB21126}.Release|Any CPU.Build.0 = Release|Any CPU
		{AE73A692-B117-482E-B4C5-0FEFB5F5EEC5}.Debug|Any CPU.ActiveCfg = Debug|Any CPU
		{AE73A692-B117-482E-B4C5-0FEFB5F5EEC5}.Debug|Any CPU.Build.0 = Debug|Any CPU
		{AE73A692-B117-482E-B4C5-0FEFB5F5EEC5}.Release|Any CPU.ActiveCfg = Release|Any CPU
		{AE73A692-B117-482E-B4C5-0FEFB5F5EEC5}.Release|Any CPU.Build.0 = Release|Any CPU
	EndGlobalSection
	GlobalSection(SolutionProperties) = preSolution
		HideSolutionNode = FALSE
	EndGlobalSection
	GlobalSection(NestedProjects) = preSolution
		{BBBD4724-A4B2-4EB1-A992-D3CA280C527A} = {AAC06DA0-EF0A-4D32-802A-9B65487995BA}
		{03EF222A-3D64-45EF-9200-A1AD209B6639} = {AAC06DA0-EF0A-4D32-802A-9B65487995BA}
		{106E5235-6AFE-4250-BA47-D1401BB21126} = {AAC06DA0-EF0A-4D32-802A-9B65487995BA}
		{AE73A692-B117-482E-B4C5-0FEFB5F5EEC5} = {AAC06DA0-EF0A-4D32-802A-9B65487995BA}
	EndGlobalSection
	GlobalSection(ExtensibilityGlobals) = postSolution
		SolutionGuid = {2CB86159-0786-43A5-9021-FADE1B9BE582}
	EndGlobalSection
EndGlobal
